
Microsoft Visual Studio Solution File, Format Version 12.00
# Visual Studio Version 17
VisualStudioVersion = 17.4.33403.182
MinimumVisualStudioVersion = 10.0.40219.1
Project("{FAE04EC0-301F-11D3-BF4B-00C04F79EFBC}") = "StudentManage", "StudentManage\StudentManage.csproj", "{679ADB3F-6269-412C-AD6D-4FE4E45F4566}"
EndProject
Global
	GlobalSection(SolutionConfigurationPlatforms) = preSolution
		Debug|Any CPU = Debug|Any CPU
		Release|Any CPU = Release|Any CPU
	EndGlobalSection
	GlobalSection(ProjectConfigurationPlatforms) = postSolution
		{679ADB3F-6269-412C-AD6D-4FE4E45F4566}.Debug|Any CPU.ActiveCfg = Debug|Any CPU
		{679ADB3F-6269-412C-AD6D-4FE4E45F4566}.Debug|Any CPU.Build.0 = Debug|Any CPU
		{679ADB3F-6269-412C-AD6D-4FE4E45F4566}.Release|Any CPU.ActiveCfg = Release|Any CPU
		{679ADB3F-6269-412C-AD6D-4FE4E45F4566}.Release|Any CPU.Build.0 = Release|Any CPU
	EndGlobalSection
	GlobalSection(SolutionProperties) = preSolution
		HideSolutionNode = FALSE
	EndGlobalSection
	GlobalSection(ExtensibilityGlobals) = postSolution
		SolutionGuid = {F85E2856-4DF7-4666-B1AB-3531ADE69C25}
	EndGlobalSection
EndGlobal
